// !$*UTF8*$!
{
	archiveVersion = 1;
	classes = {
	};
	objectVersion = 56;
	objects = {

/* Begin PBXBuildFile section */
		6031DE622AE99F2600300B69 /* FuelEaseApp.swift in Sources */ = {isa = PBXBuildFile; fileRef = 6031DE612AE99F2600300B69 /* FuelEaseApp.swift */; };
		6031DE642AE99F2600300B69 /* ContentView.swift in Sources */ = {isa = PBXBuildFile; fileRef = 6031DE632AE99F2600300B69 /* ContentView.swift */; };
		6031DE662AE99F2700300B69 /* Assets.xcassets in Resources */ = {isa = PBXBuildFile; fileRef = 6031DE652AE99F2700300B69 /* Assets.xcassets */; };
		6031DE6A2AE99F2700300B69 /* Preview Assets.xcassets in Resources */ = {isa = PBXBuildFile; fileRef = 6031DE692AE99F2700300B69 /* Preview Assets.xcassets */; };
		6031DE742AE99F2700300B69 /* FuelEaseTests.swift in Sources */ = {isa = PBXBuildFile; fileRef = 6031DE732AE99F2700300B69 /* FuelEaseTests.swift */; };
		6031DE7E2AE99F2700300B69 /* FuelEaseUITests.swift in Sources */ = {isa = PBXBuildFile; fileRef = 6031DE7D2AE99F2700300B69 /* FuelEaseUITests.swift */; };
		6031DE802AE99F2700300B69 /* FuelEaseUITestsLaunchTests.swift in Sources */ = {isa = PBXBuildFile; fileRef = 6031DE7F2AE99F2700300B69 /* FuelEaseUITestsLaunchTests.swift */; };
/* End PBXBuildFile section */

/* Begin PBXContainerItemProxy section */
		6031DE702AE99F2700300B69 /* PBXContainerItemProxy */ = {
			isa = PBXContainerItemProxy;
			containerPortal = 6031DE562AE99F2600300B69 /* Project object */;
			proxyType = 1;
			remoteGlobalIDString = 6031DE5D2AE99F2600300B69;
			remoteInfo = FuelEase;
		};
		6031DE7A2AE99F2700300B69 /* PBXContainerItemProxy */ = {
			isa = PBXContainerItemProxy;
			containerPortal = 6031DE562AE99F2600300B69 /* Project object */;
			proxyType = 1;
			remoteGlobalIDString = 6031DE5D2AE99F2600300B69;
			remoteInfo = FuelEase;
		};
/* End PBXContainerItemProxy section */

/* Begin PBXFileReference section */
		6031DE5E2AE99F2600300B69 /* FuelEase.app */ = {isa = PBXFileReference; explicitFileType = wrapper.application; includeInIndex = 0; path = FuelEase.app; sourceTree = BUILT_PRODUCTS_DIR; };
		6031DE612AE99F2600300B69 /* FuelEaseApp.swift */ = {isa = PBXFileReference; lastKnownFileType = sourcecode.swift; path = FuelEaseApp.swift; sourceTree = "<group>"; };
		6031DE632AE99F2600300B69 /* ContentView.swift */ = {isa = PBXFileReference; lastKnownFileType = sourcecode.swift; path = ContentView.swift; sourceTree = "<group>"; };
		6031DE652AE99F2700300B69 /* Assets.xcassets */ = {isa = PBXFileReference; lastKnownFileType = folder.assetcatalog; path = Assets.xcassets; sourceTree = "<group>"; };
		6031DE672AE99F2700300B69 /* FuelEase.entitlements */ = {isa = PBXFileReference; lastKnownFileType = text.plist.entitlements; path = FuelEase.entitlements; sourceTree = "<group>"; };
		6031DE692AE99F2700300B69 /* Preview Assets.xcassets */ = {isa = PBXFileReference; lastKnownFileType = folder.assetcatalog; path = "Preview Assets.xcassets"; sourceTree = "<group>"; };
		6031DE6F2AE99F2700300B69 /* FuelEaseTests.xctest */ = {isa = PBXFileReference; explicitFileType = wrapper.cfbundle; includeInIndex = 0; path = FuelEaseTests.xctest; sourceTree = BUILT_PRODUCTS_DIR; };
		6031DE732AE99F2700300B69 /* FuelEaseTests.swift */ = {isa = PBXFileReference; lastKnownFileType = sourcecode.swift; path = FuelEaseTests.swift; sourceTree = "<group>"; };
		6031DE792AE99F2700300B69 /* FuelEaseUITests.xctest */ = {isa = PBXFileReference; explicitFileType = wrapper.cfbundle; includeInIndex = 0; path = FuelEaseUITests.xctest; sourceTree = BUILT_PRODUCTS_DIR; };
		6031DE7D2AE99F2700300B69 /* FuelEaseUITests.swift */ = {isa = PBXFileReference; lastKnownFileType = sourcecode.swift; path = FuelEaseUITests.swift; sourceTree = "<group>"; };
		6031DE7F2AE99F2700300B69 /* FuelEaseUITestsLaunchTests.swift */ = {isa = PBXFileReference; lastKnownFileType = sourcecode.swift; path = FuelEaseUITestsLaunchTests.swift; sourceTree = "<group>"; };
/* End PBXFileReference section */

/* Begin PBXFrameworksBuildPhase section */
		6031DE5B2AE99F2600300B69 /* Frameworks */ = {
			isa = PBXFrameworksBuildPhase;
			buildActionMask = 2147483647;
			files = (
			);
			runOnlyForDeploymentPostprocessing = 0;
		};
		6031DE6C2AE99F2700300B69 /* Frameworks */ = {
			isa = PBXFrameworksBuildPhase;
			buildActionMask = 2147483647;
			files = (
			);
			runOnlyForDeploymentPostprocessing = 0;
		};
		6031DE762AE99F2700300B69 /* Frameworks */ = {
			isa = PBXFrameworksBuildPhase;
			buildActionMask = 2147483647;
			files = (
			);
			runOnlyForDeploymentPostprocessing = 0;
		};
/* End PBXFrameworksBuildPhase section */

/* Begin PBXGroup section */
		6031DE552AE99F2600300B69 = {
			isa = PBXGroup;
			children = (
				6031DE602AE99F2600300B69 /* FuelEase */,
				6031DE722AE99F2700300B69 /* FuelEaseTests */,
				6031DE7C2AE99F2700300B69 /* FuelEaseUITests */,
				6031DE5F2AE99F2600300B69 /* Products */,
			);
			sourceTree = "<group>";
		};
		6031DE5F2AE99F2600300B69 /* Products */ = {
			isa = PBXGroup;
			children = (
				6031DE5E2AE99F2600300B69 /* FuelEase.app */,
				6031DE6F2AE99F2700300B69 /* FuelEaseTests.xctest */,
				6031DE792AE99F2700300B69 /* FuelEaseUITests.xctest */,
			);
			name = Products;
			sourceTree = "<group>";
		};
		6031DE602AE99F2600300B69 /* FuelEase */ = {
			isa = PBXGroup;
			children = (
				6031DE612AE99F2600300B69 /* FuelEaseApp.swift */,
				6031DE632AE99F2600300B69 /* ContentView.swift */,
				6031DE652AE99F2700300B69 /* Assets.xcassets */,
				6031DE672AE99F2700300B69 /* FuelEase.entitlements */,
				6031DE682AE99F2700300B69 /* Preview Content */,
			);
			path = FuelEase;
			sourceTree = "<group>";
		};
		6031DE682AE99F2700300B69 /* Preview Content */ = {
			isa = PBXGroup;
			children = (
				6031DE692AE99F2700300B69 /* Preview Assets.xcassets */,
			);
			path = "Preview Content";
			sourceTree = "<group>";
		};
		6031DE722AE99F2700300B69 /* FuelEaseTests */ = {
			isa = PBXGroup;
			children = (
				6031DE732AE99F2700300B69 /* FuelEaseTests.swift */,
			);
			path = FuelEaseTests;
			sourceTree = "<group>";
		};
		6031DE7C2AE99F2700300B69 /* FuelEaseUITests */ = {
			isa = PBXGroup;
			children = (
				6031DE7D2AE99F2700300B69 /* FuelEaseUITests.swift */,
				6031DE7F2AE99F2700300B69 /* FuelEaseUITestsLaunchTests.swift */,
			);
			path = FuelEaseUITests;
			sourceTree = "<group>";
		};
/* End PBXGroup section */

/* Begin PBXNativeTarget section */
		6031DE5D2AE99F2600300B69 /* FuelEase */ = {
			isa = PBXNativeTarget;
			buildConfigurationList = 6031DE832AE99F2700300B69 /* Build configuration list for PBXNativeTarget "FuelEase" */;
			buildPhases = (
				6031DE5A2AE99F2600300B69 /* Sources */,
				6031DE5B2AE99F2600300B69 /* Frameworks */,
				6031DE5C2AE99F2600300B69 /* Resources */,
			);
			buildRules = (
			);
			dependencies = (
			);
			name = FuelEase;
			productName = FuelEase;
			productReference = 6031DE5E2AE99F2600300B69 /* FuelEase.app */;
			productType = "com.apple.product-type.application";
		};
		6031DE6E2AE99F2700300B69 /* FuelEaseTests */ = {
			isa = PBXNativeTarget;
			buildConfigurationList = 6031DE862AE99F2700300B69 /* Build configuration list for PBXNativeTarget "FuelEaseTests" */;
			buildPhases = (
				6031DE6B2AE99F2700300B69 /* Sources */,
				6031DE6C2AE99F2700300B69 /* Frameworks */,
				6031DE6D2AE99F2700300B69 /* Resources */,
			);
			buildRules = (
			);
			dependencies = (
				6031DE712AE99F2700300B69 /* PBXTargetDependency */,
			);
			name = FuelEaseTests;
			productName = FuelEaseTests;
			productReference = 6031DE6F2AE99F2700300B69 /* FuelEaseTests.xctest */;
			productType = "com.apple.product-type.bundle.unit-test";
		};
		6031DE782AE99F2700300B69 /* FuelEaseUITests */ = {
			isa = PBXNativeTarget;
			buildConfigurationList = 6031DE892AE99F2700300B69 /* Build configuration list for PBXNativeTarget "FuelEaseUITests" */;
			buildPhases = (
				6031DE752AE99F2700300B69 /* Sources */,
				6031DE762AE99F2700300B69 /* Frameworks */,
				6031DE772AE99F2700300B69 /* Resources */,
			);
			buildRules = (
			);
			dependencies = (
				6031DE7B2AE99F2700300B69 /* PBXTargetDependency */,
			);
			name = FuelEaseUITests;
			productName = FuelEaseUITests;
			productReference = 6031DE792AE99F2700300B69 /* FuelEaseUITests.xctest */;
			productType = "com.apple.product-type.bundle.ui-testing";
		};
/* End PBXNativeTarget section */

/* Begin PBXProject section */
		6031DE562AE99F2600300B69 /* Project object */ = {
			isa = PBXProject;
			attributes = {
				BuildIndependentTargetsInParallel = 1;
				LastSwiftUpdateCheck = 1500;
				LastUpgradeCheck = 1500;
				TargetAttributes = {
					6031DE5D2AE99F2600300B69 = {
						CreatedOnToolsVersion = 15.0.1;
					};
					6031DE6E2AE99F2700300B69 = {
						CreatedOnToolsVersion = 15.0.1;
						TestTargetID = 6031DE5D2AE99F2600300B69;
					};
					6031DE782AE99F2700300B69 = {
						CreatedOnToolsVersion = 15.0.1;
						TestTargetID = 6031DE5D2AE99F2600300B69;
					};
				};
			};
			buildConfigurationList = 6031DE592AE99F2600300B69 /* Build configuration list for PBXProject "FuelEase" */;
			compatibilityVersion = "Xcode 14.0";
			developmentRegion = en;
			hasScannedForEncodings = 0;
			knownRegions = (
				en,
				Base,
			);
			mainGroup = 6031DE552AE99F2600300B69;
			productRefGroup = 6031DE5F2AE99F2600300B69 /* Products */;
			projectDirPath = "";
			projectRoot = "";
			targets = (
				6031DE5D2AE99F2600300B69 /* FuelEase */,
				6031DE6E2AE99F2700300B69 /* FuelEaseTests */,
				6031DE782AE99F2700300B69 /* FuelEaseUITests */,
			);
		};
/* End PBXProject section */

/* Begin PBXResourcesBuildPhase section */
		6031DE5C2AE99F2600300B69 /* Resources */ = {
			isa = PBXResourcesBuildPhase;
			buildActionMask = 2147483647;
			files = (
				6031DE6A2AE99F2700300B69 /* Preview Assets.xcassets in Resources */,
				6031DE662AE99F2700300B69 /* Assets.xcassets in Resources */,
			);
			runOnlyForDeploymentPostprocessing = 0;
		};
		6031DE6D2AE99F2700300B69 /* Resources */ = {
			isa = PBXResourcesBuildPhase;
			buildActionMask = 2147483647;
			files = (
			);
			runOnlyForDeploymentPostprocessing = 0;
		};
		6031DE772AE99F2700300B69 /* Resources */ = {
			isa = PBXResourcesBuildPhase;
			buildActionMask = 2147483647;
			files = (
			);
			runOnlyForDeploymentPostprocessing = 0;
		};
/* End PBXResourcesBuildPhase section */

/* Begin PBXSourcesBuildPhase section */
		6031DE5A2AE99F2600300B69 /* Sources */ = {
			isa = PBXSourcesBuildPhase;
			buildActionMask = 2147483647;
			files = (
				6031DE642AE99F2600300B69 /* ContentView.swift in Sources */,
				6031DE622AE99F2600300B69 /* FuelEaseApp.swift in Sources */,
			);
			runOnlyForDeploymentPostprocessing = 0;
		};
		6031DE6B2AE99F2700300B69 /* Sources */ = {
			isa = PBXSourcesBuildPhase;
			buildActionMask = 2147483647;
			files = (
				6031DE742AE99F2700300B69 /* FuelEaseTests.swift in Sources */,
			);
			runOnlyForDeploymentPostprocessing = 0;
		};
		6031DE752AE99F2700300B69 /* Sources */ = {
			isa = PBXSourcesBuildPhase;
			buildActionMask = 2147483647;
			files = (
				6031DE802AE99F2700300B69 /* FuelEaseUITestsLaunchTests.swift in Sources */,
				6031DE7E2AE99F2700300B69 /* FuelEaseUITests.swift in Sources */,
			);
			runOnlyForDeploymentPostprocessing = 0;
		};
/* End PBXSourcesBuildPhase section */

/* Begin PBXTargetDependency section */
		6031DE712AE99F2700300B69 /* PBXTargetDependency */ = {
			isa = PBXTargetDependency;
			target = 6031DE5D2AE99F2600300B69 /* FuelEase */;
			targetProxy = 6031DE702AE99F2700300B69 /* PBXContainerItemProxy */;
		};
		6031DE7B2AE99F2700300B69 /* PBXTargetDependency */ = {
			isa = PBXTargetDependency;
			target = 6031DE5D2AE99F2600300B69 /* FuelEase */;
			targetProxy = 6031DE7A2AE99F2700300B69 /* PBXContainerItemProxy */;
		};
/* End PBXTargetDependency section */

/* Begin XCBuildConfiguration section */
		6031DE812AE99F2700300B69 /* Debug */ = {
			isa = XCBuildConfiguration;
			buildSettings = {
				ALWAYS_SEARCH_USER_PATHS = NO;
				ASSETCATALOG_COMPILER_GENERATE_SWIFT_ASSET_SYMBOL_EXTENSIONS = YES;
				CLANG_ANALYZER_NONNULL = YES;
				CLANG_ANALYZER_NUMBER_OBJECT_CONVERSION = YES_AGGRESSIVE;
				CLANG_CXX_LANGUAGE_STANDARD = "gnu++20";
				CLANG_ENABLE_MODULES = YES;
				CLANG_ENABLE_OBJC_ARC = YES;
				CLANG_ENABLE_OBJC_WEAK = YES;
				CLANG_WARN_BLOCK_CAPTURE_AUTORELEASING = YES;
				CLANG_WARN_BOOL_CONVERSION = YES;
				CLANG_WARN_COMMA = YES;
				CLANG_WARN_CONSTANT_CONVERSION = YES;
				CLANG_WARN_DEPRECATED_OBJC_IMPLEMENTATIONS = YES;
				CLANG_WARN_DIRECT_OBJC_ISA_USAGE = YES_ERROR;
				CLANG_WARN_DOCUMENTATION_COMMENTS = YES;
				CLANG_WARN_EMPTY_BODY = YES;
				CLANG_WARN_ENUM_CONVERSION = YES;
				CLANG_WARN_INFINITE_RECURSION = YES;
				CLANG_WARN_INT_CONVERSION = YES;
				CLANG_WARN_NON_LITERAL_NULL_CONVERSION = YES;
				CLANG_WARN_OBJC_IMPLICIT_RETAIN_SELF = YES;
				CLANG_WARN_OBJC_LITERAL_CONVERSION = YES;
				CLANG_WARN_OBJC_ROOT_CLASS = YES_ERROR;
				CLANG_WARN_QUOTED_INCLUDE_IN_FRAMEWORK_HEADER = YES;
				CLANG_WARN_RANGE_LOOP_ANALYSIS = YES;
				CLANG_WARN_STRICT_PROTOTYPES = YES;
				CLANG_WARN_SUSPICIOUS_MOVE = YES;
				CLANG_WARN_UNGUARDED_AVAILABILITY = YES_AGGRESSIVE;
				CLANG_WARN_UNREACHABLE_CODE = YES;
				CLANG_WARN__DUPLICATE_METHOD_MATCH = YES;
				COPY_PHASE_STRIP = NO;
				DEBUG_INFORMATION_FORMAT = dwarf;
				ENABLE_STRICT_OBJC_MSGSEND = YES;
				ENABLE_TESTABILITY = YES;
				ENABLE_USER_SCRIPT_SANDBOXING = YES;
				GCC_C_LANGUAGE_STANDARD = gnu17;
				GCC_DYNAMIC_NO_PIC = NO;
				GCC_NO_COMMON_BLOCKS = YES;
				GCC_OPTIMIZATION_LEVEL = 0;
				GCC_PREPROCESSOR_DEFINITIONS = (
					"DEBUG=1",
					"$(inherited)",
				);
				GCC_WARN_64_TO_32_BIT_CONVERSION = YES;
				GCC_WARN_ABOUT_RETURN_TYPE = YES_ERROR;
				GCC_WARN_UNDECLARED_SELECTOR = YES;
				GCC_WARN_UNINITIALIZED_AUTOS = YES_AGGRESSIVE;
				GCC_WARN_UNUSED_FUNCTION = YES;
				GCC_WARN_UNUSED_VARIABLE = YES;
				LOCALIZATION_PREFERS_STRING_CATALOGS = YES;
				MTL_ENABLE_DEBUG_INFO = INCLUDE_SOURCE;
				MTL_FAST_MATH = YES;
				ONLY_ACTIVE_ARCH = YES;
				SWIFT_ACTIVE_COMPILATION_CONDITIONS = "DEBUG $(inherited)";
				SWIFT_OPTIMIZATION_LEVEL = "-Onone";
			};
			name = Debug;
		};
		6031DE822AE99F2700300B69 /* Release */ = {
			isa = XCBuildConfiguration;
			buildSettings = {
				ALWAYS_SEARCH_USER_PATHS = NO;
				ASSETCATALOG_COMPILER_GENERATE_SWIFT_ASSET_SYMBOL_EXTENSIONS = YES;
				CLANG_ANALYZER_NONNULL = YES;
				CLANG_ANALYZER_NUMBER_OBJECT_CONVERSION = YES_AGGRESSIVE;
				CLANG_CXX_LANGUAGE_STANDARD = "gnu++20";
				CLANG_ENABLE_MODULES = YES;
				CLANG_ENABLE_OBJC_ARC = YES;
				CLANG_ENABLE_OBJC_WEAK = YES;
				CLANG_WARN_BLOCK_CAPTURE_AUTORELEASING = YES;
				CLANG_WARN_BOOL_CONVERSION = YES;
				CLANG_WARN_COMMA = YES;
				CLANG_WARN_CONSTANT_CONVERSION = YES;
				CLANG_WARN_DEPRECATED_OBJC_IMPLEMENTATIONS = YES;
				CLANG_WARN_DIRECT_OBJC_ISA_USAGE = YES_ERROR;
				CLANG_WARN_DOCUMENTATION_COMMENTS = YES;
				CLANG_WARN_EMPTY_BODY = YES;
				CLANG_WARN_ENUM_CONVERSION = YES;
				CLANG_WARN_INFINITE_RECURSION = YES;
				CLANG_WARN_INT_CONVERSION = YES;
				CLANG_WARN_NON_LITERAL_NULL_CONVERSION = YES;
				CLANG_WARN_OBJC_IMPLICIT_RETAIN_SELF = YES;
				CLANG_WARN_OBJC_LITERAL_CONVERSION = YES;
				CLANG_WARN_OBJC_ROOT_CLASS = YES_ERROR;
				CLANG_WARN_QUOTED_INCLUDE_IN_FRAMEWORK_HEADER = YES;
				CLANG_WARN_RANGE_LOOP_ANALYSIS = YES;
				CLANG_WARN_STRICT_PROTOTYPES = YES;
				CLANG_WARN_SUSPICIOUS_MOVE = YES;
				CLANG_WARN_UNGUARDED_AVAILABILITY = YES_AGGRESSIVE;
				CLANG_WARN_UNREACHABLE_CODE = YES;
				CLANG_WARN__DUPLICATE_METHOD_MATCH = YES;
				COPY_PHASE_STRIP = NO;
				DEBUG_INFORMATION_FORMAT = "dwarf-with-dsym";
				ENABLE_NS_ASSERTIONS = NO;
				ENABLE_STRICT_OBJC_MSGSEND = YES;
				ENABLE_USER_SCRIPT_SANDBOXING = YES;
				GCC_C_LANGUAGE_STANDARD = gnu17;
				GCC_NO_COMMON_BLOCKS = YES;
				GCC_WARN_64_TO_32_BIT_CONVERSION = YES;
				GCC_WARN_ABOUT_RETURN_TYPE = YES_ERROR;
				GCC_WARN_UNDECLARED_SELECTOR = YES;
				GCC_WARN_UNINITIALIZED_AUTOS = YES_AGGRESSIVE;
				GCC_WARN_UNUSED_FUNCTION = YES;
				GCC_WARN_UNUSED_VARIABLE = YES;
				LOCALIZATION_PREFERS_STRING_CATALOGS = YES;
				MTL_ENABLE_DEBUG_INFO = NO;
				MTL_FAST_MATH = YES;
				SWIFT_COMPILATION_MODE = wholemodule;
			};
			name = Release;
		};
		6031DE842AE99F2700300B69 /* Debug */ = {
			isa = XCBuildConfiguration;
			buildSettings = {
				ASSETCATALOG_COMPILER_APPICON_NAME = AppIcon;
				ASSETCATALOG_COMPILER_GLOBAL_ACCENT_COLOR_NAME = AccentColor;
				CODE_SIGN_ENTITLEMENTS = FuelEase/FuelEase.entitlements;
				CODE_SIGN_STYLE = Automatic;
				CURRENT_PROJECT_VERSION = 1;
				DEVELOPMENT_ASSET_PATHS = "\"FuelEase/Preview Content\"";
				DEVELOPMENT_TEAM = N2Y8Q5GWW3;
				ENABLE_HARDENED_RUNTIME = YES;
				ENABLE_PREVIEWS = YES;
				GENERATE_INFOPLIST_FILE = YES;
				"INFOPLIST_KEY_UIApplicationSceneManifest_Generation[sdk=iphoneos*]" = YES;
				"INFOPLIST_KEY_UIApplicationSceneManifest_Generation[sdk=iphonesimulator*]" = YES;
				"INFOPLIST_KEY_UIApplicationSupportsIndirectInputEvents[sdk=iphoneos*]" = YES;
				"INFOPLIST_KEY_UIApplicationSupportsIndirectInputEvents[sdk=iphonesimulator*]" = YES;
				"INFOPLIST_KEY_UILaunchScreen_Generation[sdk=iphoneos*]" = YES;
				"INFOPLIST_KEY_UILaunchScreen_Generation[sdk=iphonesimulator*]" = YES;
				"INFOPLIST_KEY_UIStatusBarStyle[sdk=iphoneos*]" = UIStatusBarStyleDefault;
				"INFOPLIST_KEY_UIStatusBarStyle[sdk=iphonesimulator*]" = UIStatusBarStyleDefault;
				INFOPLIST_KEY_UISupportedInterfaceOrientations_iPad = "UIInterfaceOrientationPortrait UIInterfaceOrientationPortraitUpsideDown UIInterfaceOrientationLandscapeLeft UIInterfaceOrientationLandscapeRight";
				INFOPLIST_KEY_UISupportedInterfaceOrientations_iPhone = "UIInterfaceOrientationPortrait UIInterfaceOrientationLandscapeLeft UIInterfaceOrientationLandscapeRight";
				IPHONEOS_DEPLOYMENT_TARGET = 17.0;
				LD_RUNPATH_SEARCH_PATHS = "@executable_path/Frameworks";
				"LD_RUNPATH_SEARCH_PATHS[sdk=macosx*]" = "@executable_path/../Frameworks";
				MACOSX_DEPLOYMENT_TARGET = 14.0;
				MARKETING_VERSION = 1.0;
				PRODUCT_BUNDLE_IDENTIFIER = FuelEase.FuelEase;
				PRODUCT_NAME = "$(TARGET_NAME)";
				SDKROOT = auto;
				SUPPORTED_PLATFORMS = "iphoneos iphonesimulator macosx";
				SWIFT_EMIT_LOC_STRINGS = YES;
				SWIFT_VERSION = 5.0;
				TARGETED_DEVICE_FAMILY = "1,2";
			};
			name = Debug;
		};
		6031DE852AE99F2700300B69 /* Release */ = {
			isa = XCBuildConfiguration;
			buildSettings = {
				ASSETCATALOG_COMPILER_APPICON_NAME = AppIcon;
				ASSETCATALOG_COMPILER_GLOBAL_ACCENT_COLOR_NAME = AccentColor;
				CODE_SIGN_ENTITLEMENTS = FuelEase/FuelEase.entitlements;
				CODE_SIGN_STYLE = Automatic;
				CURRENT_PROJECT_VERSION = 1;
				DEVELOPMENT_ASSET_PATHS = "\"FuelEase/Preview Content\"";
				DEVELOPMENT_TEAM = N2Y8Q5GWW3;
				ENABLE_HARDENED_RUNTIME = YES;
				ENABLE_PREVIEWS = YES;
				GENERATE_INFOPLIST_FILE = YES;
				"INFOPLIST_KEY_UIApplicationSceneManifest_Generation[sdk=iphoneos*]" = YES;
				"INFOPLIST_KEY_UIApplicationSceneManifest_Generation[sdk=iphonesimulator*]" = YES;
				"INFOPLIST_KEY_UIApplicationSupportsIndirectInputEvents[sdk=iphoneos*]" = YES;
				"INFOPLIST_KEY_UIApplicationSupportsIndirectInputEvents[sdk=iphonesimulator*]" = YES;
				"INFOPLIST_KEY_UILaunchScreen_Generation[sdk=iphoneos*]" = YES;
				"INFOPLIST_KEY_UILaunchScreen_Generation[sdk=iphonesimulator*]" = YES;
				"INFOPLIST_KEY_UIStatusBarStyle[sdk=iphoneos*]" = UIStatusBarStyleDefault;
				"INFOPLIST_KEY_UIStatusBarStyle[sdk=iphonesimulator*]" = UIStatusBarStyleDefault;
				INFOPLIST_KEY_UISupportedInterfaceOrientations_iPad = "UIInterfaceOrientationPortrait UIInterfaceOrientationPortraitUpsideDown UIInterfaceOrientationLandscapeLeft UIInterfaceOrientationLandscapeRight";
				INFOPLIST_KEY_UISupportedInterfaceOrientations_iPhone = "UIInterfaceOrientationPortrait UIInterfaceOrientationLandscapeLeft UIInterfaceOrientationLandscapeRight";
				IPHONEOS_DEPLOYMENT_TARGET = 17.0;
				LD_RUNPATH_SEARCH_PATHS = "@executable_path/Frameworks";
				"LD_RUNPATH_SEARCH_PATHS[sdk=macosx*]" = "@executable_path/../Frameworks";
				MACOSX_DEPLOYMENT_TARGET = 14.0;
				MARKETING_VERSION = 1.0;
				PRODUCT_BUNDLE_IDENTIFIER = FuelEase.FuelEase;
				PRODUCT_NAME = "$(TARGET_NAME)";
				SDKROOT = auto;
				SUPPORTED_PLATFORMS = "iphoneos iphonesimulator macosx";
				SWIFT_EMIT_LOC_STRINGS = YES;
				SWIFT_VERSION = 5.0;
				TARGETED_DEVICE_FAMILY = "1,2";
			};
			name = Release;
		};
		6031DE872AE99F2700300B69 /* Debug */ = {
			isa = XCBuildConfiguration;
			buildSettings = {
				ALWAYS_EMBED_SWIFT_STANDARD_LIBRARIES = YES;
				BUNDLE_LOADER = "$(TEST_HOST)";
				CODE_SIGN_STYLE = Automatic;
				CURRENT_PROJECT_VERSION = 1;
				DEVELOPMENT_TEAM = N2Y8Q5GWW3;
				GENERATE_INFOPLIST_FILE = YES;
				IPHONEOS_DEPLOYMENT_TARGET = 17.0;
				MACOSX_DEPLOYMENT_TARGET = 14.0;
				MARKETING_VERSION = 1.0;
				PRODUCT_BUNDLE_IDENTIFIER = FuelEase.FuelEaseTests;
				PRODUCT_NAME = "$(TARGET_NAME)";
				SDKROOT = auto;
				SUPPORTED_PLATFORMS = "iphoneos iphonesimulator macosx";
				SWIFT_EMIT_LOC_STRINGS = NO;
				SWIFT_VERSION = 5.0;
				TARGETED_DEVICE_FAMILY = "1,2";
				TEST_HOST = "$(BUILT_PRODUCTS_DIR)/FuelEase.app/$(BUNDLE_EXECUTABLE_FOLDER_PATH)/FuelEase";
			};
			name = Debug;
		};
		6031DE882AE99F2700300B69 /* Release */ = {
			isa = XCBuildConfiguration;
			buildSettings = {
				ALWAYS_EMBED_SWIFT_STANDARD_LIBRARIES = YES;
				BUNDLE_LOADER = "$(TEST_HOST)";
				CODE_SIGN_STYLE = Automatic;
				CURRENT_PROJECT_VERSION = 1;
				DEVELOPMENT_TEAM = N2Y8Q5GWW3;
				GENERATE_INFOPLIST_FILE = YES;
				IPHONEOS_DEPLOYMENT_TARGET = 17.0;
				MACOSX_DEPLOYMENT_TARGET = 14.0;
				MARKETING_VERSION = 1.0;
				PRODUCT_BUNDLE_IDENTIFIER = FuelEase.FuelEaseTests;
				PRODUCT_NAME = "$(TARGET_NAME)";
				SDKROOT = auto;
				SUPPORTED_PLATFORMS = "iphoneos iphonesimulator macosx";
				SWIFT_EMIT_LOC_STRINGS = NO;
				SWIFT_VERSION = 5.0;
				TARGETED_DEVICE_FAMILY = "1,2";
				TEST_HOST = "$(BUILT_PRODUCTS_DIR)/FuelEase.app/$(BUNDLE_EXECUTABLE_FOLDER_PATH)/FuelEase";
			};
			name = Release;
		};
		6031DE8A2AE99F2700300B69 /* Debug */ = {
			isa = XCBuildConfiguration;
			buildSettings = {
				ALWAYS_EMBED_SWIFT_STANDARD_LIBRARIES = YES;
				CODE_SIGN_STYLE = Automatic;
				CURRENT_PROJECT_VERSION = 1;
				DEVELOPMENT_TEAM = N2Y8Q5GWW3;
				GENERATE_INFOPLIST_FILE = YES;
				IPHONEOS_DEPLOYMENT_TARGET = 17.0;
				MACOSX_DEPLOYMENT_TARGET = 14.0;
				MARKETING_VERSION = 1.0;
				PRODUCT_BUNDLE_IDENTIFIER = FuelEase.FuelEaseUITests;
				PRODUCT_NAME = "$(TARGET_NAME)";
				SDKROOT = auto;
				SUPPORTED_PLATFORMS = "iphoneos iphonesimulator macosx";
				SWIFT_EMIT_LOC_STRINGS = NO;
				SWIFT_VERSION = 5.0;
				TARGETED_DEVICE_FAMILY = "1,2";
				TEST_TARGET_NAME = FuelEase;
			};
			name = Debug;
		};
		6031DE8B2AE99F2700300B69 /* Release */ = {
			isa = XCBuildConfiguration;
			buildSettings = {
				ALWAYS_EMBED_SWIFT_STANDARD_LIBRARIES = YES;
				CODE_SIGN_STYLE = Automatic;
				CURRENT_PROJECT_VERSION = 1;
				DEVELOPMENT_TEAM = N2Y8Q5GWW3;
				GENERATE_INFOPLIST_FILE = YES;
				IPHONEOS_DEPLOYMENT_TARGET = 17.0;
				MACOSX_DEPLOYMENT_TARGET = 14.0;
				MARKETING_VERSION = 1.0;
				PRODUCT_BUNDLE_IDENTIFIER = FuelEase.FuelEaseUITests;
				PRODUCT_NAME = "$(TARGET_NAME)";
				SDKROOT = auto;
				SUPPORTED_PLATFORMS = "iphoneos iphonesimulator macosx";
				SWIFT_EMIT_LOC_STRINGS = NO;
				SWIFT_VERSION = 5.0;
				TARGETED_DEVICE_FAMILY = "1,2";
				TEST_TARGET_NAME = FuelEase;
			};
			name = Release;
		};
/* End XCBuildConfiguration section */

/* Begin XCConfigurationList section */
		6031DE592AE99F2600300B69 /* Build configuration list for PBXProject "FuelEase" */ = {
			isa = XCConfigurationList;
			buildConfigurations = (
				6031DE812AE99F2700300B69 /* Debug */,
				6031DE822AE99F2700300B69 /* Release */,
			);
			defaultConfigurationIsVisible = 0;
			defaultConfigurationName = Release;
		};
		6031DE832AE99F2700300B69 /* Build configuration list for PBXNativeTarget "FuelEase" */ = {
			isa = XCConfigurationList;
			buildConfigurations = (
				6031DE842AE99F2700300B69 /* Debug */,
				6031DE852AE99F2700300B69 /* Release */,
			);
			defaultConfigurationIsVisible = 0;
			defaultConfigurationName = Release;
		};
		6031DE862AE99F2700300B69 /* Build configuration list for PBXNativeTarget "FuelEaseTests" */ = {
			isa = XCConfigurationList;
			buildConfigurations = (
				6031DE872AE99F2700300B69 /* Debug */,
				6031DE882AE99F2700300B69 /* Release */,
			);
			defaultConfigurationIsVisible = 0;
			defaultConfigurationName = Release;
		};
		6031DE892AE99F2700300B69 /* Build configuration list for PBXNativeTarget "FuelEaseUITests" */ = {
			isa = XCConfigurationList;
			buildConfigurations = (
				6031DE8A2AE99F2700300B69 /* Debug */,
				6031DE8B2AE99F2700300B69 /* Release */,
			);
			defaultConfigurationIsVisible = 0;
			defaultConfigurationName = Release;
		};
/* End XCConfigurationList section */
	};
	rootObject = 6031DE562AE99F2600300B69 /* Project object */;
}
